// !$*UTF8*$!
{
	archiveVersion = 1;
	classes = {
	};
	objectVersion = 56;
	objects = {

/* Begin PBXBuildFile section */
		C1635F4129EF9C3A00CDAE78 /* GradeHubApp.swift in Sources */ = {isa = PBXBuildFile; fileRef = C1635F4029EF9C3A00CDAE78 /* GradeHubApp.swift */; };
		C1635F4329EF9C3A00CDAE78 /* ContentView.swift in Sources */ = {isa = PBXBuildFile; fileRef = C1635F4229EF9C3A00CDAE78 /* ContentView.swift */; };
		C1635F4529EF9C3A00CDAE78 /* Assets.xcassets in Resources */ = {isa = PBXBuildFile; fileRef = C1635F4429EF9C3A00CDAE78 /* Assets.xcassets */; };
		C1635F4929EF9C3A00CDAE78 /* Preview Assets.xcassets in Resources */ = {isa = PBXBuildFile; fileRef = C1635F4829EF9C3A00CDAE78 /* Preview Assets.xcassets */; };
		C1635F5029EF9C9200CDAE78 /* ViewModel.swift in Sources */ = {isa = PBXBuildFile; fileRef = C1635F4F29EF9C9200CDAE78 /* ViewModel.swift */; };
		C1635F5229EF9C9F00CDAE78 /* CourseListItem.swift in Sources */ = {isa = PBXBuildFile; fileRef = C1635F5129EF9C9F00CDAE78 /* CourseListItem.swift */; };
		C1635F5529EF9CD000CDAE78 /* CourseListView.swift in Sources */ = {isa = PBXBuildFile; fileRef = C1635F5429EF9CD000CDAE78 /* CourseListView.swift */; };
		C1635F5729EF9CEF00CDAE78 /* DashboardView.swift in Sources */ = {isa = PBXBuildFile; fileRef = C1635F5629EF9CEF00CDAE78 /* DashboardView.swift */; };
		C1635F5929EF9D0A00CDAE78 /* GpaCalculatorView.swift in Sources */ = {isa = PBXBuildFile; fileRef = C1635F5829EF9D0A00CDAE78 /* GpaCalculatorView.swift */; };
		C1635F5B29EF9D2900CDAE78 /* LoginView.swift in Sources */ = {isa = PBXBuildFile; fileRef = C1635F5A29EF9D2900CDAE78 /* LoginView.swift */; };
/* End PBXBuildFile section */

/* Begin PBXFileReference section */
		C1635F3D29EF9C3A00CDAE78 /* GradeHub.app */ = {isa = PBXFileReference; explicitFileType = wrapper.application; includeInIndex = 0; path = GradeHub.app; sourceTree = BUILT_PRODUCTS_DIR; };
		C1635F4029EF9C3A00CDAE78 /* GradeHubApp.swift */ = {isa = PBXFileReference; lastKnownFileType = sourcecode.swift; path = GradeHubApp.swift; sourceTree = "<group>"; };
		C1635F4229EF9C3A00CDAE78 /* ContentView.swift */ = {isa = PBXFileReference; lastKnownFileType = sourcecode.swift; path = ContentView.swift; sourceTree = "<group>"; };
		C1635F4429EF9C3A00CDAE78 /* Assets.xcassets */ = {isa = PBXFileReference; lastKnownFileType = folder.assetcatalog; path = Assets.xcassets; sourceTree = "<group>"; };
		C1635F4629EF9C3A00CDAE78 /* GradeHub.entitlements */ = {isa = PBXFileReference; lastKnownFileType = text.plist.entitlements; path = GradeHub.entitlements; sourceTree = "<group>"; };
		C1635F4829EF9C3A00CDAE78 /* Preview Assets.xcassets */ = {isa = PBXFileReference; lastKnownFileType = folder.assetcatalog; path = "Preview Assets.xcassets"; sourceTree = "<group>"; };
		C1635F4F29EF9C9200CDAE78 /* ViewModel.swift */ = {isa = PBXFileReference; lastKnownFileType = sourcecode.swift; path = ViewModel.swift; sourceTree = "<group>"; };
		C1635F5129EF9C9F00CDAE78 /* CourseListItem.swift */ = {isa = PBXFileReference; lastKnownFileType = sourcecode.swift; path = CourseListItem.swift; sourceTree = "<group>"; };
		C1635F5429EF9CD000CDAE78 /* CourseListView.swift */ = {isa = PBXFileReference; lastKnownFileType = sourcecode.swift; path = CourseListView.swift; sourceTree = "<group>"; };
		C1635F5629EF9CEF00CDAE78 /* DashboardView.swift */ = {isa = PBXFileReference; lastKnownFileType = sourcecode.swift; path = DashboardView.swift; sourceTree = "<group>"; };
		C1635F5829EF9D0A00CDAE78 /* GpaCalculatorView.swift */ = {isa = PBXFileReference; lastKnownFileType = sourcecode.swift; path = GpaCalculatorView.swift; sourceTree = "<group>"; };
		C1635F5A29EF9D2900CDAE78 /* LoginView.swift */ = {isa = PBXFileReference; lastKnownFileType = sourcecode.swift; path = LoginView.swift; sourceTree = "<group>"; };
/* End PBXFileReference section */

/* Begin PBXFrameworksBuildPhase section */
		C1635F3A29EF9C3A00CDAE78 /* Frameworks */ = {
			isa = PBXFrameworksBuildPhase;
			buildActionMask = 2147483647;
			files = (
			);
			runOnlyForDeploymentPostprocessing = 0;
		};
/* End PBXFrameworksBuildPhase section */

/* Begin PBXGroup section */
		C1635F3429EF9C3A00CDAE78 = {
			isa = PBXGroup;
			children = (
				C1635F3F29EF9C3A00CDAE78 /* GradeHub */,
				C1635F3E29EF9C3A00CDAE78 /* Products */,
			);
			sourceTree = "<group>";
		};
		C1635F3E29EF9C3A00CDAE78 /* Products */ = {
			isa = PBXGroup;
			children = (
				C1635F3D29EF9C3A00CDAE78 /* GradeHub.app */,
			);
			name = Products;
			sourceTree = "<group>";
		};
		C1635F3F29EF9C3A00CDAE78 /* GradeHub */ = {
			isa = PBXGroup;
			children = (
				C1635F5329EF9CB800CDAE78 /* Views */,
				C1635F4029EF9C3A00CDAE78 /* GradeHubApp.swift */,
				C1635F4229EF9C3A00CDAE78 /* ContentView.swift */,
				C1635F4F29EF9C9200CDAE78 /* ViewModel.swift */,
				C1635F5129EF9C9F00CDAE78 /* CourseListItem.swift */,
				C1635F4429EF9C3A00CDAE78 /* Assets.xcassets */,
				C1635F4629EF9C3A00CDAE78 /* GradeHub.entitlements */,
				C1635F4729EF9C3A00CDAE78 /* Preview Content */,
			);
			path = GradeHub;
			sourceTree = "<group>";
		};
		C1635F4729EF9C3A00CDAE78 /* Preview Content */ = {
			isa = PBXGroup;
			children = (
				C1635F4829EF9C3A00CDAE78 /* Preview Assets.xcassets */,
			);
			path = "Preview Content";
			sourceTree = "<group>";
		};
		C1635F5329EF9CB800CDAE78 /* Views */ = {
			isa = PBXGroup;
			children = (
				C1635F5429EF9CD000CDAE78 /* CourseListView.swift */,
				C1635F5629EF9CEF00CDAE78 /* DashboardView.swift */,
				C1635F5829EF9D0A00CDAE78 /* GpaCalculatorView.swift */,
				C1635F5A29EF9D2900CDAE78 /* LoginView.swift */,
			);
			path = Views;
			sourceTree = "<group>";
		};
/* End PBXGroup section */

/* Begin PBXNativeTarget section */
		C1635F3C29EF9C3A00CDAE78 /* GradeHub */ = {
			isa = PBXNativeTarget;
			buildConfigurationList = C1635F4C29EF9C3A00CDAE78 /* Build configuration list for PBXNativeTarget "GradeHub" */;
			buildPhases = (
				C1635F3929EF9C3A00CDAE78 /* Sources */,
				C1635F3A29EF9C3A00CDAE78 /* Frameworks */,
				C1635F3B29EF9C3A00CDAE78 /* Resources */,
			);
			buildRules = (
			);
			dependencies = (
			);
			name = GradeHub;
			productName = GradeHub;
			productReference = C1635F3D29EF9C3A00CDAE78 /* GradeHub.app */;
			productType = "com.apple.product-type.application";
		};
/* End PBXNativeTarget section */

/* Begin PBXProject section */
		C1635F3529EF9C3A00CDAE78 /* Project object */ = {
			isa = PBXProject;
			attributes = {
				BuildIndependentTargetsInParallel = 1;
				LastSwiftUpdateCheck = 1420;
				LastUpgradeCheck = 1420;
				TargetAttributes = {
					C1635F3C29EF9C3A00CDAE78 = {
						CreatedOnToolsVersion = 14.2;
					};
				};
			};
			buildConfigurationList = C1635F3829EF9C3A00CDAE78 /* Build configuration list for PBXProject "GradeHub" */;
			compatibilityVersion = "Xcode 14.0";
			developmentRegion = en;
			hasScannedForEncodings = 0;
			knownRegions = (
				en,
				Base,
			);
			mainGroup = C1635F3429EF9C3A00CDAE78;
			productRefGroup = C1635F3E29EF9C3A00CDAE78 /* Products */;
			projectDirPath = "";
			projectRoot = "";
			targets = (
				C1635F3C29EF9C3A00CDAE78 /* GradeHub */,
			);
		};
/* End PBXProject section */

/* Begin PBXResourcesBuildPhase section */
		C1635F3B29EF9C3A00CDAE78 /* Resources */ = {
			isa = PBXResourcesBuildPhase;
			buildActionMask = 2147483647;
			files = (
				C1635F4929EF9C3A00CDAE78 /* Preview Assets.xcassets in Resources */,
				C1635F4529EF9C3A00CDAE78 /* Assets.xcassets in Resources */,
			);
			runOnlyForDeploymentPostprocessing = 0;
		};
/* End PBXResourcesBuildPhase section */

/* Begin PBXSourcesBuildPhase section */
		C1635F3929EF9C3A00CDAE78 /* Sources */ = {
			isa = PBXSourcesBuildPhase;
			buildActionMask = 2147483647;
			files = (
				C1635F4329EF9C3A00CDAE78 /* ContentView.swift in Sources */,
				C1635F5729EF9CEF00CDAE78 /* DashboardView.swift in Sources */,
				C1635F5029EF9C9200CDAE78 /* ViewModel.swift in Sources */,
				C1635F5529EF9CD000CDAE78 /* CourseListView.swift in Sources */,
				C1635F4129EF9C3A00CDAE78 /* GradeHubApp.swift in Sources */,
				C1635F5929EF9D0A00CDAE78 /* GpaCalculatorView.swift in Sources */,
				C1635F5B29EF9D2900CDAE78 /* LoginView.swift in Sources */,
				C1635F5229EF9C9F00CDAE78 /* CourseListItem.swift in Sources */,
			);
			runOnlyForDeploymentPostprocessing = 0;
		};
/* End PBXSourcesBuildPhase section */

/* Begin XCBuildConfiguration section */
		C1635F4A29EF9C3A00CDAE78 /* Debug */ = {
			isa = XCBuildConfiguration;
			buildSettings = {
				ALWAYS_SEARCH_USER_PATHS = NO;
				CLANG_ANALYZER_NONNULL = YES;
				CLANG_ANALYZER_NUMBER_OBJECT_CONVERSION = YES_AGGRESSIVE;
				CLANG_CXX_LANGUAGE_STANDARD = "gnu++20";
				CLANG_ENABLE_MODULES = YES;
				CLANG_ENABLE_OBJC_ARC = YES;
				CLANG_ENABLE_OBJC_WEAK = YES;
				CLANG_WARN_BLOCK_CAPTURE_AUTORELEASING = YES;
				CLANG_WARN_BOOL_CONVERSION = YES;
				CLANG_WARN_COMMA = YES;
				CLANG_WARN_CONSTANT_CONVERSION = YES;
				CLANG_WARN_DEPRECATED_OBJC_IMPLEMENTATIONS = YES;
				CLANG_WARN_DIRECT_OBJC_ISA_USAGE = YES_ERROR;
				CLANG_WARN_DOCUMENTATION_COMMENTS = YES;
				CLANG_WARN_EMPTY_BODY = YES;
				CLANG_WARN_ENUM_CONVERSION = YES;
				CLANG_WARN_INFINITE_RECURSION = YES;
				CLANG_WARN_INT_CONVERSION = YES;
				CLANG_WARN_NON_LITERAL_NULL_CONVERSION = YES;
				CLANG_WARN_OBJC_IMPLICIT_RETAIN_SELF = YES;
				CLANG_WARN_OBJC_LITERAL_CONVERSION = YES;
				CLANG_WARN_OBJC_ROOT_CLASS = YES_ERROR;
				CLANG_WARN_QUOTED_INCLUDE_IN_FRAMEWORK_HEADER = YES;
				CLANG_WARN_RANGE_LOOP_ANALYSIS = YES;
				CLANG_WARN_STRICT_PROTOTYPES = YES;
				CLANG_WARN_SUSPICIOUS_MOVE = YES;
				CLANG_WARN_UNGUARDED_AVAILABILITY = YES_AGGRESSIVE;
				CLANG_WARN_UNREACHABLE_CODE = YES;
				CLANG_WARN__DUPLICATE_METHOD_MATCH = YES;
				COPY_PHASE_STRIP = NO;
				DEBUG_INFORMATION_FORMAT = dwarf;
				ENABLE_STRICT_OBJC_MSGSEND = YES;
				ENABLE_TESTABILITY = YES;
				GCC_C_LANGUAGE_STANDARD = gnu11;
				GCC_DYNAMIC_NO_PIC = NO;
				GCC_NO_COMMON_BLOCKS = YES;
				GCC_OPTIMIZATION_LEVEL = 0;
				GCC_PREPROCESSOR_DEFINITIONS = (
					"DEBUG=1",
					"$(inherited)",
				);
				GCC_WARN_64_TO_32_BIT_CONVERSION = YES;
				GCC_WARN_ABOUT_RETURN_TYPE = YES_ERROR;
				GCC_WARN_UNDECLARED_SELECTOR = YES;
				GCC_WARN_UNINITIALIZED_AUTOS = YES_AGGRESSIVE;
				GCC_WARN_UNUSED_FUNCTION = YES;
				GCC_WARN_UNUSED_VARIABLE = YES;
				MTL_ENABLE_DEBUG_INFO = INCLUDE_SOURCE;
				MTL_FAST_MATH = YES;
				ONLY_ACTIVE_ARCH = YES;
				SWIFT_ACTIVE_COMPILATION_CONDITIONS = DEBUG;
				SWIFT_OPTIMIZATION_LEVEL = "-Onone";
			};
			name = Debug;
		};
		C1635F4B29EF9C3A00CDAE78 /* Release */ = {
			isa = XCBuildConfiguration;
			buildSettings = {
				ALWAYS_SEARCH_USER_PATHS = NO;
				CLANG_ANALYZER_NONNULL = YES;
				CLANG_ANALYZER_NUMBER_OBJECT_CONVERSION = YES_AGGRESSIVE;
				CLANG_CXX_LANGUAGE_STANDARD = "gnu++20";
				CLANG_ENABLE_MODULES = YES;
				CLANG_ENABLE_OBJC_ARC = YES;
				CLANG_ENABLE_OBJC_WEAK = YES;
				CLANG_WARN_BLOCK_CAPTURE_AUTORELEASING = YES;
				CLANG_WARN_BOOL_CONVERSION = YES;
				CLANG_WARN_COMMA = YES;
				CLANG_WARN_CONSTANT_CONVERSION = YES;
				CLANG_WARN_DEPRECATED_OBJC_IMPLEMENTATIONS = YES;
				CLANG_WARN_DIRECT_OBJC_ISA_USAGE = YES_ERROR;
				CLANG_WARN_DOCUMENTATION_COMMENTS = YES;
				CLANG_WARN_EMPTY_BODY = YES;
				CLANG_WARN_ENUM_CONVERSION = YES;
				CLANG_WARN_INFINITE_RECURSION = YES;
				CLANG_WARN_INT_CONVERSION = YES;
				CLANG_WARN_NON_LITERAL_NULL_CONVERSION = YES;
				CLANG_WARN_OBJC_IMPLICIT_RETAIN_SELF = YES;
				CLANG_WARN_OBJC_LITERAL_CONVERSION = YES;
				CLANG_WARN_OBJC_ROOT_CLASS = YES_ERROR;
				CLANG_WARN_QUOTED_INCLUDE_IN_FRAMEWORK_HEADER = YES;
				CLANG_WARN_RANGE_LOOP_ANALYSIS = YES;
				CLANG_WARN_STRICT_PROTOTYPES = YES;
				CLANG_WARN_SUSPICIOUS_MOVE = YES;
				CLANG_WARN_UNGUARDED_AVAILABILITY = YES_AGGRESSIVE;
				CLANG_WARN_UNREACHABLE_CODE = YES;
				CLANG_WARN__DUPLICATE_METHOD_MATCH = YES;
				COPY_PHASE_STRIP = NO;
				DEBUG_INFORMATION_FORMAT = "dwarf-with-dsym";
				ENABLE_NS_ASSERTIONS = NO;
				ENABLE_STRICT_OBJC_MSGSEND = YES;
				GCC_C_LANGUAGE_STANDARD = gnu11;
				GCC_NO_COMMON_BLOCKS = YES;
				GCC_WARN_64_TO_32_BIT_CONVERSION = YES;
				GCC_WARN_ABOUT_RETURN_TYPE = YES_ERROR;
				GCC_WARN_UNDECLARED_SELECTOR = YES;
				GCC_WARN_UNINITIALIZED_AUTOS = YES_AGGRESSIVE;
				GCC_WARN_UNUSED_FUNCTION = YES;
				GCC_WARN_UNUSED_VARIABLE = YES;
				MTL_ENABLE_DEBUG_INFO = NO;
				MTL_FAST_MATH = YES;
				SWIFT_COMPILATION_MODE = wholemodule;
				SWIFT_OPTIMIZATION_LEVEL = "-O";
			};
			name = Release;
		};
		C1635F4D29EF9C3A00CDAE78 /* Debug */ = {
			isa = XCBuildConfiguration;
			buildSettings = {
				ASSETCATALOG_COMPILER_APPICON_NAME = AppIcon;
				ASSETCATALOG_COMPILER_GLOBAL_ACCENT_COLOR_NAME = AccentColor;
				CODE_SIGN_ENTITLEMENTS = GradeHub/GradeHub.entitlements;
				CODE_SIGN_STYLE = Automatic;
				CURRENT_PROJECT_VERSION = 1;
				DEVELOPMENT_ASSET_PATHS = "\"GradeHub/Preview Content\"";
				ENABLE_PREVIEWS = YES;
				GENERATE_INFOPLIST_FILE = YES;
				"INFOPLIST_KEY_UIApplicationSceneManifest_Generation[sdk=iphoneos*]" = YES;
				"INFOPLIST_KEY_UIApplicationSceneManifest_Generation[sdk=iphonesimulator*]" = YES;
				"INFOPLIST_KEY_UIApplicationSupportsIndirectInputEvents[sdk=iphoneos*]" = YES;
				"INFOPLIST_KEY_UIApplicationSupportsIndirectInputEvents[sdk=iphonesimulator*]" = YES;
				"INFOPLIST_KEY_UILaunchScreen_Generation[sdk=iphoneos*]" = YES;
				"INFOPLIST_KEY_UILaunchScreen_Generation[sdk=iphonesimulator*]" = YES;
				"INFOPLIST_KEY_UIStatusBarStyle[sdk=iphoneos*]" = UIStatusBarStyleDefault;
				"INFOPLIST_KEY_UIStatusBarStyle[sdk=iphonesimulator*]" = UIStatusBarStyleDefault;
				INFOPLIST_KEY_UISupportedInterfaceOrientations_iPad = "UIInterfaceOrientationPortrait UIInterfaceOrientationPortraitUpsideDown UIInterfaceOrientationLandscapeLeft UIInterfaceOrientationLandscapeRight";
				INFOPLIST_KEY_UISupportedInterfaceOrientations_iPhone = "UIInterfaceOrientationPortrait UIInterfaceOrientationLandscapeLeft UIInterfaceOrientationLandscapeRight";
				IPHONEOS_DEPLOYMENT_TARGET = 16.2;
				LD_RUNPATH_SEARCH_PATHS = "@executable_path/Frameworks";
				"LD_RUNPATH_SEARCH_PATHS[sdk=macosx*]" = "@executable_path/../Frameworks";
				MACOSX_DEPLOYMENT_TARGET = 13.1;
				MARKETING_VERSION = 1.0;
				PRODUCT_BUNDLE_IDENTIFIER = cubstart.GradeHub;
				PRODUCT_NAME = "$(TARGET_NAME)";
				SDKROOT = auto;
				SUPPORTED_PLATFORMS = "iphoneos iphonesimulator macosx";
				SWIFT_EMIT_LOC_STRINGS = YES;
				SWIFT_VERSION = 5.0;
				TARGETED_DEVICE_FAMILY = "1,2";
			};
			name = Debug;
		};
		C1635F4E29EF9C3A00CDAE78 /* Release */ = {
			isa = XCBuildConfiguration;
			buildSettings = {
				ASSETCATALOG_COMPILER_APPICON_NAME = AppIcon;
				ASSETCATALOG_COMPILER_GLOBAL_ACCENT_COLOR_NAME = AccentColor;
				CODE_SIGN_ENTITLEMENTS = GradeHub/GradeHub.entitlements;
				CODE_SIGN_STYLE = Automatic;
				CURRENT_PROJECT_VERSION = 1;
				DEVELOPMENT_ASSET_PATHS = "\"GradeHub/Preview Content\"";
				ENABLE_PREVIEWS = YES;
				GENERATE_INFOPLIST_FILE = YES;
				"INFOPLIST_KEY_UIApplicationSceneManifest_Generation[sdk=iphoneos*]" = YES;
				"INFOPLIST_KEY_UIApplicationSceneManifest_Generation[sdk=iphonesimulator*]" = YES;
				"INFOPLIST_KEY_UIApplicationSupportsIndirectInputEvents[sdk=iphoneos*]" = YES;
				"INFOPLIST_KEY_UIApplicationSupportsIndirectInputEvents[sdk=iphonesimulator*]" = YES;
				"INFOPLIST_KEY_UILaunchScreen_Generation[sdk=iphoneos*]" = YES;
				"INFOPLIST_KEY_UILaunchScreen_Generation[sdk=iphonesimulator*]" = YES;
				"INFOPLIST_KEY_UIStatusBarStyle[sdk=iphoneos*]" = UIStatusBarStyleDefault;
				"INFOPLIST_KEY_UIStatusBarStyle[sdk=iphonesimulator*]" = UIStatusBarStyleDefault;
				INFOPLIST_KEY_UISupportedInterfaceOrientations_iPad = "UIInterfaceOrientationPortrait UIInterfaceOrientationPortraitUpsideDown UIInterfaceOrientationLandscapeLeft UIInterfaceOrientationLandscapeRight";
				INFOPLIST_KEY_UISupportedInterfaceOrientations_iPhone = "UIInterfaceOrientationPortrait UIInterfaceOrientationLandscapeLeft UIInterfaceOrientationLandscapeRight";
				IPHONEOS_DEPLOYMENT_TARGET = 16.2;
				LD_RUNPATH_SEARCH_PATHS = "@executable_path/Frameworks";
				"LD_RUNPATH_SEARCH_PATHS[sdk=macosx*]" = "@executable_path/../Frameworks";
				MACOSX_DEPLOYMENT_TARGET = 13.1;
				MARKETING_VERSION = 1.0;
				PRODUCT_BUNDLE_IDENTIFIER = cubstart.GradeHub;
				PRODUCT_NAME = "$(TARGET_NAME)";
				SDKROOT = auto;
				SUPPORTED_PLATFORMS = "iphoneos iphonesimulator macosx";
				SWIFT_EMIT_LOC_STRINGS = YES;
				SWIFT_VERSION = 5.0;
				TARGETED_DEVICE_FAMILY = "1,2";
			};
			name = Release;
		};
/* End XCBuildConfiguration section */

/* Begin XCConfigurationList section */
		C1635F3829EF9C3A00CDAE78 /* Build configuration list for PBXProject "GradeHub" */ = {
			isa = XCConfigurationList;
			buildConfigurations = (
				C1635F4A29EF9C3A00CDAE78 /* Debug */,
				C1635F4B29EF9C3A00CDAE78 /* Release */,
			);
			defaultConfigurationIsVisible = 0;
			defaultConfigurationName = Release;
		};
		C1635F4C29EF9C3A00CDAE78 /* Build configuration list for PBXNativeTarget "GradeHub" */ = {
			isa = XCConfigurationList;
			buildConfigurations = (
				C1635F4D29EF9C3A00CDAE78 /* Debug */,
				C1635F4E29EF9C3A00CDAE78 /* Release */,
			);
			defaultConfigurationIsVisible = 0;
			defaultConfigurationName = Release;
		};
/* End XCConfigurationList section */
	};
	rootObject = C1635F3529EF9C3A00CDAE78 /* Project object */;
}
